{
  "requires": true,
  "lockfileVersion": 1,
  "dependencies": {
    "phoenix_live_view": {
      "version": "0.15.7",
      "resolved": "https://registry.npmjs.org/phoenix_live_view/-/phoenix_live_view-0.15.7.tgz",
      "integrity": "sha512-r7PnVrj4Bg4cokJhYtmtXI8g7TV6srdopEwb/6tV1Q+kNSi1E7eLChsjPsutp9MnNlWfSDt7zB225aCGwZe77Q=="
    }
  }
}
